
Microsoft Visual Studio Solution File, Format Version 12.00
# Visual Studio Version 16
VisualStudioVersion = 16.0.30225.117
MinimumVisualStudioVersion = 10.0.40219.1
Project("{FAE04EC0-301F-11D3-BF4B-00C04F79EFBC}") = "LovlyPetts.ProfileMicroservice.Domain", "LovlyPetts.ProfileMicroservice.Domain\LovlyPetts.ProfileMicroservice.Domain.csproj", "{0EB4F442-8701-4026-9646-42574E27E7C9}"
EndProject
Project("{FAE04EC0-301F-11D3-BF4B-00C04F79EFBC}") = "LovlyPetts.ProfileMicroservice.Services", "LovlyPetts.ProfileMicroservice.Services\LovlyPetts.ProfileMicroservice.Services.csproj", "{03BB6845-AB69-4B37-85C7-E6887AE8189F}"
EndProject
Project("{FAE04EC0-301F-11D3-BF4B-00C04F79EFBC}") = "LovlyPetts.ProfileMicroservice.Api", "LovlyPetts.ProfileMicroservice.Api\LovlyPetts.ProfileMicroservice.Api.csproj", "{DA61AEFD-4479-44E8-89DF-07BB342907C2}"
EndProject
Project("{FAE04EC0-301F-11D3-BF4B-00C04F79EFBC}") = "LovlyPetts.ProfileMicroservice.Repositories", "LovlyPetts.ProfileMicroservice.Repositories\LovlyPetts.ProfileMicroservice.Repositories.csproj", "{5BF9171F-07C4-4A36-BAC3-9E556B06024D}"
EndProject
Project("{FAE04EC0-301F-11D3-BF4B-00C04F79EFBC}") = "LovlyPetts.ProfileMicroservice.Tests", "LovlyPetts.ProfileMicroservice.Tests\LovlyPetts.ProfileMicroservice.Tests.csproj", "{8FB8E577-FEBF-4B79-A8B1-E7AE565D499A}"
EndProject
Project("{FAE04EC0-301F-11D3-BF4B-00C04F79EFBC}") = "LovlyPetts.ProfileMicroservice.CrossCutting", "LovlyPetts.ProfileMicroservice.CrossCutting\LovlyPetts.ProfileMicroservice.CrossCutting.csproj", "{C1288CF0-1CC7-4368-B491-5E8646874589}"
EndProject
Global
	GlobalSection(SolutionConfigurationPlatforms) = preSolution
		Debug|Any CPU = Debug|Any CPU
		Release|Any CPU = Release|Any CPU
	EndGlobalSection
	GlobalSection(ProjectConfigurationPlatforms) = postSolution
		{0EB4F442-8701-4026-9646-42574E27E7C9}.Debug|Any CPU.ActiveCfg = Debug|Any CPU
		{0EB4F442-8701-4026-9646-42574E27E7C9}.Debug|Any CPU.Build.0 = Debug|Any CPU
		{0EB4F442-8701-4026-9646-42574E27E7C9}.Release|Any CPU.ActiveCfg = Release|Any CPU
		{0EB4F442-8701-4026-9646-42574E27E7C9}.Release|Any CPU.Build.0 = Release|Any CPU
		{03BB6845-AB69-4B37-85C7-E6887AE8189F}.Debug|Any CPU.ActiveCfg = Debug|Any CPU
		{03BB6845-AB69-4B37-85C7-E6887AE8189F}.Debug|Any CPU.Build.0 = Debug|Any CPU
		{03BB6845-AB69-4B37-85C7-E6887AE8189F}.Release|Any CPU.ActiveCfg = Release|Any CPU
		{03BB6845-AB69-4B37-85C7-E6887AE8189F}.Release|Any CPU.Build.0 = Release|Any CPU
		{DA61AEFD-4479-44E8-89DF-07BB342907C2}.Debug|Any CPU.ActiveCfg = Debug|Any CPU
		{DA61AEFD-4479-44E8-89DF-07BB342907C2}.Debug|Any CPU.Build.0 = Debug|Any CPU
		{DA61AEFD-4479-44E8-89DF-07BB342907C2}.Release|Any CPU.ActiveCfg = Release|Any CPU
		{DA61AEFD-4479-44E8-89DF-07BB342907C2}.Release|Any CPU.Build.0 = Release|Any CPU
		{5BF9171F-07C4-4A36-BAC3-9E556B06024D}.Debug|Any CPU.ActiveCfg = Debug|Any CPU
		{5BF9171F-07C4-4A36-BAC3-9E556B06024D}.Debug|Any CPU.Build.0 = Debug|Any CPU
		{5BF9171F-07C4-4A36-BAC3-9E556B06024D}.Release|Any CPU.ActiveCfg = Release|Any CPU
		{5BF9171F-07C4-4A36-BAC3-9E556B06024D}.Release|Any CPU.Build.0 = Release|Any CPU
		{8FB8E577-FEBF-4B79-A8B1-E7AE565D499A}.Debug|Any CPU.ActiveCfg = Debug|Any CPU
		{8FB8E577-FEBF-4B79-A8B1-E7AE565D499A}.Debug|Any CPU.Build.0 = Debug|Any CPU
		{8FB8E577-FEBF-4B79-A8B1-E7AE565D499A}.Release|Any CPU.ActiveCfg = Release|Any CPU
		{8FB8E577-FEBF-4B79-A8B1-E7AE565D499A}.Release|Any CPU.Build.0 = Release|Any CPU
		{C1288CF0-1CC7-4368-B491-5E8646874589}.Debug|Any CPU.ActiveCfg = Debug|Any CPU
		{C1288CF0-1CC7-4368-B491-5E8646874589}.Debug|Any CPU.Build.0 = Debug|Any CPU
		{C1288CF0-1CC7-4368-B491-5E8646874589}.Release|Any CPU.ActiveCfg = Release|Any CPU
		{C1288CF0-1CC7-4368-B491-5E8646874589}.Release|Any CPU.Build.0 = Release|Any CPU
	EndGlobalSection
	GlobalSection(SolutionProperties) = preSolution
		HideSolutionNode = FALSE
	EndGlobalSection
	GlobalSection(ExtensibilityGlobals) = postSolution
		SolutionGuid = {035D0120-317B-4D58-921A-EF1390D413F1}
	EndGlobalSection
EndGlobal
